
Microsoft Visual Studio Solution File, Format Version 12.00
# Visual Studio Version 17
VisualStudioVersion = 17.10.35013.160
MinimumVisualStudioVersion = 10.0.40219.1
Project("{FAE04EC0-301F-11D3-BF4B-00C04F79EFBC}") = "Linq-tutorial", "Linq-tutorial\Linq-tutorial.csproj", "{12E58AEF-1291-443C-8DDA-6E2AFEF53A26}"
EndProject
Global
	GlobalSection(SolutionConfigurationPlatforms) = preSolution
		Debug|Any CPU = Debug|Any CPU
		Release|Any CPU = Release|Any CPU
	EndGlobalSection
	GlobalSection(ProjectConfigurationPlatforms) = postSolution
		{12E58AEF-1291-443C-8DDA-6E2AFEF53A26}.Debug|Any CPU.ActiveCfg = Debug|Any CPU
		{12E58AEF-1291-443C-8DDA-6E2AFEF53A26}.Debug|Any CPU.Build.0 = Debug|Any CPU
		{12E58AEF-1291-443C-8DDA-6E2AFEF53A26}.Release|Any CPU.ActiveCfg = Release|Any CPU
		{12E58AEF-1291-443C-8DDA-6E2AFEF53A26}.Release|Any CPU.Build.0 = Release|Any CPU
	EndGlobalSection
	GlobalSection(SolutionProperties) = preSolution
		HideSolutionNode = FALSE
	EndGlobalSection
	GlobalSection(ExtensibilityGlobals) = postSolution
		SolutionGuid = {DE8E8D66-8F80-4A0F-A9CB-5D1B024AF539}
	EndGlobalSection
EndGlobal
